
Microsoft Visual Studio Solution File, Format Version 12.00
# Visual Studio Version 17
VisualStudioVersion = 17.3.32929.385
MinimumVisualStudioVersion = 10.0.40219.1
Project("{9A19103F-16F7-4668-BE54-9A1E7A4F7556}") = "HeliumDotNet", "..\HeliumDotNet\HeliumDotNet\HeliumDotNet.csproj", "{9952654F-7AC7-4237-93B5-24583D61F9F4}"
EndProject
Project("{9A19103F-16F7-4668-BE54-9A1E7A4F7556}") = "HeliumRewards", "HeliumRewards\HeliumRewards.csproj", "{98906430-562C-49A7-B99F-FECB1479BCC5}"
EndProject
Global
	GlobalSection(SolutionConfigurationPlatforms) = preSolution
		Debug|Any CPU = Debug|Any CPU
		Release|Any CPU = Release|Any CPU
	EndGlobalSection
	GlobalSection(ProjectConfigurationPlatforms) = postSolution
		{9952654F-7AC7-4237-93B5-24583D61F9F4}.Debug|Any CPU.ActiveCfg = Debug|Any CPU
		{9952654F-7AC7-4237-93B5-24583D61F9F4}.Debug|Any CPU.Build.0 = Debug|Any CPU
		{9952654F-7AC7-4237-93B5-24583D61F9F4}.Release|Any CPU.ActiveCfg = Release|Any CPU
		{9952654F-7AC7-4237-93B5-24583D61F9F4}.Release|Any CPU.Build.0 = Release|Any CPU
		{98906430-562C-49A7-B99F-FECB1479BCC5}.Debug|Any CPU.ActiveCfg = Debug|Any CPU
		{98906430-562C-49A7-B99F-FECB1479BCC5}.Debug|Any CPU.Build.0 = Debug|Any CPU
		{98906430-562C-49A7-B99F-FECB1479BCC5}.Release|Any CPU.ActiveCfg = Release|Any CPU
		{98906430-562C-49A7-B99F-FECB1479BCC5}.Release|Any CPU.Build.0 = Release|Any CPU
	EndGlobalSection
	GlobalSection(SolutionProperties) = preSolution
		HideSolutionNode = FALSE
	EndGlobalSection
	GlobalSection(ExtensibilityGlobals) = postSolution
		SolutionGuid = {D30C7BEE-9492-4658-8D07-76D1B5252F14}
	EndGlobalSection
EndGlobal
